
Microsoft Visual Studio Solution File, Format Version 12.00
# Visual Studio 15
VisualStudioVersion = 15.0.28010.2016
MinimumVisualStudioVersion = 10.0.40219.1
Project("{FAE04EC0-301F-11D3-BF4B-00C04F79EFBC}") = "PathTracingCore", "PathTracingCore\PathTracingCore.csproj", "{A834EB8A-FB67-4994-A2B9-5D11EE4359F6}"
EndProject
Global
	GlobalSection(SolutionConfigurationPlatforms) = preSolution
		Debug|Any CPU = Debug|Any CPU
		Release|Any CPU = Release|Any CPU
	EndGlobalSection
	GlobalSection(ProjectConfigurationPlatforms) = postSolution
		{A834EB8A-FB67-4994-A2B9-5D11EE4359F6}.Debug|Any CPU.ActiveCfg = Debug|Any CPU
		{A834EB8A-FB67-4994-A2B9-5D11EE4359F6}.Debug|Any CPU.Build.0 = Debug|Any CPU
		{A834EB8A-FB67-4994-A2B9-5D11EE4359F6}.Release|Any CPU.ActiveCfg = Release|Any CPU
		{A834EB8A-FB67-4994-A2B9-5D11EE4359F6}.Release|Any CPU.Build.0 = Release|Any CPU
	EndGlobalSection
	GlobalSection(SolutionProperties) = preSolution
		HideSolutionNode = FALSE
	EndGlobalSection
	GlobalSection(ExtensibilityGlobals) = postSolution
		SolutionGuid = {B158B7C5-2689-43CE-94CB-4DFAECCFBB13}
	EndGlobalSection
EndGlobal
